{
  "name": "@freedomsex/api-resource",
  "version": "2.2.0",
  "lockfileVersion": 1,
  "requires": true,
  "dependencies": {
    "@freedomsex/params-pruner": {
      "version": "1.0.0",
      "resolved": "https://registry.npmjs.org/@freedomsex/params-pruner/-/params-pruner-1.0.0.tgz",
      "integrity": "sha512-DKKbb2M+rmeWaAaxvbhWDtZDbPlIqnvT209uXWaSP91MKmab/K94VBGRQQF/DOANJuUSOVtc88IcPFkljsYyZA==",
      "requires": {
        "underscore": "^1.10.2"
      }
    },
    "underscore": {
      "version": "1.10.2",
      "resolved": "https://registry.npmjs.org/underscore/-/underscore-1.10.2.tgz",
      "integrity": "sha512-N4P+Q/BuyuEKFJ43B9gYuOj4TQUHXX+j2FqguVOpjkssLUUrnJofCcBccJSCoeturDoZU6GorDTHSvUDlSQbTg=="
    }
  }
}
